
Microsoft Visual Studio Solution File, Format Version 12.00
# Visual Studio 15
VisualStudioVersion = 15.0.27703.2042
MinimumVisualStudioVersion = 10.0.40219.1
Project("{9A19103F-16F7-4668-BE54-9A1E7A4F7556}") = "Docker.Benchmarking.Orchestrator.Web", "src\Docker.Benchmarking.Orchestrator.Web\Docker.Benchmarking.Orchestrator.Web.csproj", "{21B63F98-A038-4275-811D-359960B09A0E}"
EndProject
Project("{9A19103F-16F7-4668-BE54-9A1E7A4F7556}") = "Docker.Benchmarking.Orchestrator.Infrastructure", "src\Docker.Benchmarking.Orchestrator.Infrastructure\Docker.Benchmarking.Orchestrator.Infrastructure.csproj", "{7FCF7E4B-6002-4950-A4B3-4DFC162667D0}"
EndProject
Project("{9A19103F-16F7-4668-BE54-9A1E7A4F7556}") = "Docker.Benchmarking.Orchestrator.Core", "src\Docker.Benchmarking.Orchestrator.Core\Docker.Benchmarking.Orchestrator.Core.csproj", "{81F19C40-407C-4774-A9CB-4D0880BAB280}"
EndProject
Project("{2150E333-8FDC-42A3-9474-1A3956D46DE8}") = "tests", "tests", "{DD78B93B-ECCD-4823-8EEA-683EA2616FF6}"
EndProject
Project("{2150E333-8FDC-42A3-9474-1A3956D46DE8}") = "src", "src", "{0A20C2CC-CFB0-4863-9BE1-3E05A135AD85}"
EndProject
Project("{9A19103F-16F7-4668-BE54-9A1E7A4F7556}") = "Docker.Benchmarking.Orchestrator.Tests", "tests\Docker.Benchmarking.Orchestrator.Tests\Docker.Benchmarking.Orchestrator.Tests.csproj", "{6DA89B61-01D4-4BF4-AAF9-8C49D63547F1}"
EndProject
Project("{2150E333-8FDC-42A3-9474-1A3956D46DE8}") = "test-apps", "test-apps", "{A7E9DD3E-628D-4C0C-B26A-DCAB033BB928}"
EndProject
Project("{9A19103F-16F7-4668-BE54-9A1E7A4F7556}") = "AWS.CloudformationExample", "test-apps\AWS.CloudformationExample\AWS.CloudformationExample.csproj", "{775AB2B8-A7DC-414D-9757-1262E0405F67}"
EndProject
Project("{9A19103F-16F7-4668-BE54-9A1E7A4F7556}") = "CloudWatchSample1", "test-apps\CloudWatchSample1\CloudWatchSample1.csproj", "{3712E9FB-A676-43E7-9CA4-B0BE235B5978}"
EndProject
Project("{9A19103F-16F7-4668-BE54-9A1E7A4F7556}") = "EC2Sample1", "test-apps\EC2Sample1\EC2Sample1.csproj", "{3275C7E4-0CD7-477A-96E6-3319F6244243}"
EndProject
Project("{9A19103F-16F7-4668-BE54-9A1E7A4F7556}") = "EC2SpotInstanceSample1", "test-apps\EC2SpotInstanceSample1\EC2SpotInstanceSample1.csproj", "{5F553DE2-E816-4CF5-B40C-358DC561E7B1}"
EndProject
Project("{2150E333-8FDC-42A3-9474-1A3956D46DE8}") = "database", "database", "{A402F751-A3A3-4393-BAED-649A2B41A125}"
	ProjectSection(SolutionItems) = preProject
		..\..\..\Downloads\ELMAH-1.2-db-Pgsql.sql = ..\..\..\Downloads\ELMAH-1.2-db-Pgsql.sql
	EndProjectSection
EndProject
Project("{2150E333-8FDC-42A3-9474-1A3956D46DE8}") = "templates", "templates", "{8A61ED6D-7AC0-4B9F-A432-DB3345CBF0EB}"
EndProject
Project("{2150E333-8FDC-42A3-9474-1A3956D46DE8}") = "azure", "azure", "{C54004A3-66AC-492B-88AB-1D1D122E3F6F}"
EndProject
Project("{2150E333-8FDC-42A3-9474-1A3956D46DE8}") = "aws", "aws", "{1A4BD012-6340-442A-B7FE-0B170B9FB5F5}"
EndProject
Project("{2150E333-8FDC-42A3-9474-1A3956D46DE8}") = "VMs", "VMs", "{242388C7-FCBE-4D25-94C9-564ACC4577EE}"
EndProject
Project("{2150E333-8FDC-42A3-9474-1A3956D46DE8}") = "container_instances", "container_instances", "{BD62C8F7-438E-4A2A-9944-001BBCF5873C}"
EndProject
Project("{2150E333-8FDC-42A3-9474-1A3956D46DE8}") = "appservice", "appservice", "{9EB7432D-1F01-4274-9C9E-864F21A49180}"
EndProject
Project("{2150E333-8FDC-42A3-9474-1A3956D46DE8}") = "container_service", "container_service", "{E76B2AFB-A4AC-4919-82F3-8D34C682B379}"
EndProject
Project("{2150E333-8FDC-42A3-9474-1A3956D46DE8}") = "ec2", "ec2", "{C2134FBA-208C-4073-85FC-DE44567262BC}"
EndProject
Project("{2150E333-8FDC-42A3-9474-1A3956D46DE8}") = "fargate", "fargate", "{22804D53-23BD-49BB-A7CD-58DE6BC93A6B}"
EndProject
Project("{9A19103F-16F7-4668-BE54-9A1E7A4F7556}") = "Docker.Registry.Console.Test", "..\Docker.Registry.Console.Test\Docker.Registry.Console.Test.csproj", "{0D131DAF-5A3B-4FA8-A15C-FFB5B668E0CE}"
EndProject
Project("{2150E333-8FDC-42A3-9474-1A3956D46DE8}") = "cl", "cl", "{85A385CC-8C45-4F0A-B7FF-8EBBF217D133}"
EndProject
Project("{2150E333-8FDC-42A3-9474-1A3956D46DE8}") = "orchestrator", "orchestrator", "{71E3A002-B071-4996-955F-46AB05DBC8E9}"
EndProject
Project("{2150E333-8FDC-42A3-9474-1A3956D46DE8}") = "backup", "backup", "{7196911C-9786-4A6D-B5A4-534E378FD2AE}"
EndProject
Project("{FAE04EC0-301F-11D3-BF4B-00C04F79EFBC}") = "Docker.Benchmarking.Orchestrator.Optimizer", "src\Docker.Benchmarking.Orchestrator.Optimizer\Docker.Benchmarking.Orchestrator.Optimizer.csproj", "{E3C3478F-3A0B-46A0-926A-AB3048180E18}"
EndProject
Project("{FAE04EC0-301F-11D3-BF4B-00C04F79EFBC}") = "Docker.Benchmarking.Orchestrator.Optimizer.Tests", "tests\Docker.Benchmarking.Orchestrator.Optimizer.Tests\Docker.Benchmarking.Orchestrator.Optimizer.Tests.csproj", "{0191AB38-BF53-481F-9A8D-481E8322BC41}"
EndProject
Global
	GlobalSection(SolutionConfigurationPlatforms) = preSolution
		Debug|Any CPU = Debug|Any CPU
		Release|Any CPU = Release|Any CPU
	EndGlobalSection
	GlobalSection(ProjectConfigurationPlatforms) = postSolution
		{21B63F98-A038-4275-811D-359960B09A0E}.Debug|Any CPU.ActiveCfg = Debug|Any CPU
		{21B63F98-A038-4275-811D-359960B09A0E}.Debug|Any CPU.Build.0 = Debug|Any CPU
		{21B63F98-A038-4275-811D-359960B09A0E}.Release|Any CPU.ActiveCfg = Release|Any CPU
		{21B63F98-A038-4275-811D-359960B09A0E}.Release|Any CPU.Build.0 = Release|Any CPU
		{7FCF7E4B-6002-4950-A4B3-4DFC162667D0}.Debug|Any CPU.ActiveCfg = Debug|Any CPU
		{7FCF7E4B-6002-4950-A4B3-4DFC162667D0}.Debug|Any CPU.Build.0 = Debug|Any CPU
		{7FCF7E4B-6002-4950-A4B3-4DFC162667D0}.Release|Any CPU.ActiveCfg = Release|Any CPU
		{7FCF7E4B-6002-4950-A4B3-4DFC162667D0}.Release|Any CPU.Build.0 = Release|Any CPU
		{81F19C40-407C-4774-A9CB-4D0880BAB280}.Debug|Any CPU.ActiveCfg = Debug|Any CPU
		{81F19C40-407C-4774-A9CB-4D0880BAB280}.Debug|Any CPU.Build.0 = Debug|Any CPU
		{81F19C40-407C-4774-A9CB-4D0880BAB280}.Release|Any CPU.ActiveCfg = Release|Any CPU
		{81F19C40-407C-4774-A9CB-4D0880BAB280}.Release|Any CPU.Build.0 = Release|Any CPU
		{6DA89B61-01D4-4BF4-AAF9-8C49D63547F1}.Debug|Any CPU.ActiveCfg = Debug|Any CPU
		{6DA89B61-01D4-4BF4-AAF9-8C49D63547F1}.Debug|Any CPU.Build.0 = Debug|Any CPU
		{6DA89B61-01D4-4BF4-AAF9-8C49D63547F1}.Release|Any CPU.ActiveCfg = Release|Any CPU
		{6DA89B61-01D4-4BF4-AAF9-8C49D63547F1}.Release|Any CPU.Build.0 = Release|Any CPU
		{775AB2B8-A7DC-414D-9757-1262E0405F67}.Debug|Any CPU.ActiveCfg = Debug|Any CPU
		{775AB2B8-A7DC-414D-9757-1262E0405F67}.Debug|Any CPU.Build.0 = Debug|Any CPU
		{775AB2B8-A7DC-414D-9757-1262E0405F67}.Release|Any CPU.ActiveCfg = Release|Any CPU
		{775AB2B8-A7DC-414D-9757-1262E0405F67}.Release|Any CPU.Build.0 = Release|Any CPU
		{3712E9FB-A676-43E7-9CA4-B0BE235B5978}.Debug|Any CPU.ActiveCfg = Debug|Any CPU
		{3712E9FB-A676-43E7-9CA4-B0BE235B5978}.Debug|Any CPU.Build.0 = Debug|Any CPU
		{3712E9FB-A676-43E7-9CA4-B0BE235B5978}.Release|Any CPU.ActiveCfg = Release|Any CPU
		{3712E9FB-A676-43E7-9CA4-B0BE235B5978}.Release|Any CPU.Build.0 = Release|Any CPU
		{3275C7E4-0CD7-477A-96E6-3319F6244243}.Debug|Any CPU.ActiveCfg = Debug|Any CPU
		{3275C7E4-0CD7-477A-96E6-3319F6244243}.Debug|Any CPU.Build.0 = Debug|Any CPU
		{3275C7E4-0CD7-477A-96E6-3319F6244243}.Release|Any CPU.ActiveCfg = Release|Any CPU
		{3275C7E4-0CD7-477A-96E6-3319F6244243}.Release|Any CPU.Build.0 = Release|Any CPU
		{5F553DE2-E816-4CF5-B40C-358DC561E7B1}.Debug|Any CPU.ActiveCfg = Debug|Any CPU
		{5F553DE2-E816-4CF5-B40C-358DC561E7B1}.Debug|Any CPU.Build.0 = Debug|Any CPU
		{5F553DE2-E816-4CF5-B40C-358DC561E7B1}.Release|Any CPU.ActiveCfg = Release|Any CPU
		{5F553DE2-E816-4CF5-B40C-358DC561E7B1}.Release|Any CPU.Build.0 = Release|Any CPU
		{0D131DAF-5A3B-4FA8-A15C-FFB5B668E0CE}.Debug|Any CPU.ActiveCfg = Debug|Any CPU
		{0D131DAF-5A3B-4FA8-A15C-FFB5B668E0CE}.Debug|Any CPU.Build.0 = Debug|Any CPU
		{0D131DAF-5A3B-4FA8-A15C-FFB5B668E0CE}.Release|Any CPU.ActiveCfg = Release|Any CPU
		{0D131DAF-5A3B-4FA8-A15C-FFB5B668E0CE}.Release|Any CPU.Build.0 = Release|Any CPU
		{E3C3478F-3A0B-46A0-926A-AB3048180E18}.Debug|Any CPU.ActiveCfg = Debug|Any CPU
		{E3C3478F-3A0B-46A0-926A-AB3048180E18}.Debug|Any CPU.Build.0 = Debug|Any CPU
		{E3C3478F-3A0B-46A0-926A-AB3048180E18}.Release|Any CPU.ActiveCfg = Release|Any CPU
		{E3C3478F-3A0B-46A0-926A-AB3048180E18}.Release|Any CPU.Build.0 = Release|Any CPU
		{0191AB38-BF53-481F-9A8D-481E8322BC41}.Debug|Any CPU.ActiveCfg = Debug|Any CPU
		{0191AB38-BF53-481F-9A8D-481E8322BC41}.Debug|Any CPU.Build.0 = Debug|Any CPU
		{0191AB38-BF53-481F-9A8D-481E8322BC41}.Release|Any CPU.ActiveCfg = Release|Any CPU
		{0191AB38-BF53-481F-9A8D-481E8322BC41}.Release|Any CPU.Build.0 = Release|Any CPU
	EndGlobalSection
	GlobalSection(SolutionProperties) = preSolution
		HideSolutionNode = FALSE
	EndGlobalSection
	GlobalSection(NestedProjects) = preSolution
		{21B63F98-A038-4275-811D-359960B09A0E} = {0A20C2CC-CFB0-4863-9BE1-3E05A135AD85}
		{7FCF7E4B-6002-4950-A4B3-4DFC162667D0} = {0A20C2CC-CFB0-4863-9BE1-3E05A135AD85}
		{81F19C40-407C-4774-A9CB-4D0880BAB280} = {0A20C2CC-CFB0-4863-9BE1-3E05A135AD85}
		{6DA89B61-01D4-4BF4-AAF9-8C49D63547F1} = {DD78B93B-ECCD-4823-8EEA-683EA2616FF6}
		{775AB2B8-A7DC-414D-9757-1262E0405F67} = {A7E9DD3E-628D-4C0C-B26A-DCAB033BB928}
		{3712E9FB-A676-43E7-9CA4-B0BE235B5978} = {A7E9DD3E-628D-4C0C-B26A-DCAB033BB928}
		{3275C7E4-0CD7-477A-96E6-3319F6244243} = {A7E9DD3E-628D-4C0C-B26A-DCAB033BB928}
		{5F553DE2-E816-4CF5-B40C-358DC561E7B1} = {A7E9DD3E-628D-4C0C-B26A-DCAB033BB928}
		{A402F751-A3A3-4393-BAED-649A2B41A125} = {0A20C2CC-CFB0-4863-9BE1-3E05A135AD85}
		{8A61ED6D-7AC0-4B9F-A432-DB3345CBF0EB} = {0A20C2CC-CFB0-4863-9BE1-3E05A135AD85}
		{C54004A3-66AC-492B-88AB-1D1D122E3F6F} = {8A61ED6D-7AC0-4B9F-A432-DB3345CBF0EB}
		{1A4BD012-6340-442A-B7FE-0B170B9FB5F5} = {8A61ED6D-7AC0-4B9F-A432-DB3345CBF0EB}
		{242388C7-FCBE-4D25-94C9-564ACC4577EE} = {C54004A3-66AC-492B-88AB-1D1D122E3F6F}
		{BD62C8F7-438E-4A2A-9944-001BBCF5873C} = {C54004A3-66AC-492B-88AB-1D1D122E3F6F}
		{9EB7432D-1F01-4274-9C9E-864F21A49180} = {C54004A3-66AC-492B-88AB-1D1D122E3F6F}
		{E76B2AFB-A4AC-4919-82F3-8D34C682B379} = {C54004A3-66AC-492B-88AB-1D1D122E3F6F}
		{C2134FBA-208C-4073-85FC-DE44567262BC} = {1A4BD012-6340-442A-B7FE-0B170B9FB5F5}
		{22804D53-23BD-49BB-A7CD-58DE6BC93A6B} = {1A4BD012-6340-442A-B7FE-0B170B9FB5F5}
		{0D131DAF-5A3B-4FA8-A15C-FFB5B668E0CE} = {A7E9DD3E-628D-4C0C-B26A-DCAB033BB928}
		{85A385CC-8C45-4F0A-B7FF-8EBBF217D133} = {1A4BD012-6340-442A-B7FE-0B170B9FB5F5}
		{71E3A002-B071-4996-955F-46AB05DBC8E9} = {A402F751-A3A3-4393-BAED-649A2B41A125}
		{7196911C-9786-4A6D-B5A4-534E378FD2AE} = {71E3A002-B071-4996-955F-46AB05DBC8E9}
		{E3C3478F-3A0B-46A0-926A-AB3048180E18} = {0A20C2CC-CFB0-4863-9BE1-3E05A135AD85}
		{0191AB38-BF53-481F-9A8D-481E8322BC41} = {DD78B93B-ECCD-4823-8EEA-683EA2616FF6}
	EndGlobalSection
	GlobalSection(ExtensibilityGlobals) = postSolution
		SolutionGuid = {E6D24F8A-A36B-47CB-A086-54B624ECD5FD}
	EndGlobalSection
EndGlobal
